// !$*UTF8*$!
{
	archiveVersion = 1;
	classes = {
	};
	objectVersion = 46;
	objects = {

/* Begin PBXBuildFile section */
		F9F740841B3929330025CB0A /* AppDelegate.swift in Sources */ = {isa = PBXBuildFile; fileRef = F9F740831B3929330025CB0A /* AppDelegate.swift */; };
		F9F740861B3929330025CB0A /* ViewController.swift in Sources */ = {isa = PBXBuildFile; fileRef = F9F740851B3929330025CB0A /* ViewController.swift */; };
		F9F740891B3929330025CB0A /* Main.storyboard in Resources */ = {isa = PBXBuildFile; fileRef = F9F740871B3929330025CB0A /* Main.storyboard */; };
		F9F7408B1B3929330025CB0A /* Images.xcassets in Resources */ = {isa = PBXBuildFile; fileRef = F9F7408A1B3929330025CB0A /* Images.xcassets */; };
		F9F7408E1B3929330025CB0A /* LaunchScreen.xib in Resources */ = {isa = PBXBuildFile; fileRef = F9F7408C1B3929330025CB0A /* LaunchScreen.xib */; };
		F9F7409A1B3929330025CB0A /* TaskItTests.swift in Sources */ = {isa = PBXBuildFile; fileRef = F9F740991B3929330025CB0A /* TaskItTests.swift */; };
/* End PBXBuildFile section */

/* Begin PBXContainerItemProxy section */
		F9F740941B3929330025CB0A /* PBXContainerItemProxy */ = {
			isa = PBXContainerItemProxy;
			containerPortal = F9F740761B3929320025CB0A /* Project object */;
			proxyType = 1;
			remoteGlobalIDString = F9F7407D1B3929320025CB0A;
			remoteInfo = TaskIt;
		};
/* End PBXContainerItemProxy section */

/* Begin PBXFileReference section */
		F9F7407E1B3929320025CB0A /* TaskIt.app */ = {isa = PBXFileReference; explicitFileType = wrapper.application; includeInIndex = 0; path = TaskIt.app; sourceTree = BUILT_PRODUCTS_DIR; };
		F9F740821B3929320025CB0A /* Info.plist */ = {isa = PBXFileReference; lastKnownFileType = text.plist.xml; path = Info.plist; sourceTree = "<group>"; };
		F9F740831B3929330025CB0A /* AppDelegate.swift */ = {isa = PBXFileReference; lastKnownFileType = sourcecode.swift; path = AppDelegate.swift; sourceTree = "<group>"; };
		F9F740851B3929330025CB0A /* ViewController.swift */ = {isa = PBXFileReference; lastKnownFileType = sourcecode.swift; path = ViewController.swift; sourceTree = "<group>"; };
		F9F740881B3929330025CB0A /* Base */ = {isa = PBXFileReference; lastKnownFileType = file.storyboard; name = Base; path = Base.lproj/Main.storyboard; sourceTree = "<group>"; };
		F9F7408A1B3929330025CB0A /* Images.xcassets */ = {isa = PBXFileReference; lastKnownFileType = folder.assetcatalog; path = Images.xcassets; sourceTree = "<group>"; };
		F9F7408D1B3929330025CB0A /* Base */ = {isa = PBXFileReference; lastKnownFileType = file.xib; name = Base; path = Base.lproj/LaunchScreen.xib; sourceTree = "<group>"; };
		F9F740931B3929330025CB0A /* TaskItTests.xctest */ = {isa = PBXFileReference; explicitFileType = wrapper.cfbundle; includeInIndex = 0; path = TaskItTests.xctest; sourceTree = BUILT_PRODUCTS_DIR; };
		F9F740981B3929330025CB0A /* Info.plist */ = {isa = PBXFileReference; lastKnownFileType = text.plist.xml; path = Info.plist; sourceTree = "<group>"; };
		F9F740991B3929330025CB0A /* TaskItTests.swift */ = {isa = PBXFileReference; lastKnownFileType = sourcecode.swift; path = TaskItTests.swift; sourceTree = "<group>"; };
/* End PBXFileReference section */

/* Begin PBXFrameworksBuildPhase section */
		F9F7407B1B3929320025CB0A /* Frameworks */ = {
			isa = PBXFrameworksBuildPhase;
			buildActionMask = 2147483647;
			files = (
			);
			runOnlyForDeploymentPostprocessing = 0;
		};
		F9F740901B3929330025CB0A /* Frameworks */ = {
			isa = PBXFrameworksBuildPhase;
			buildActionMask = 2147483647;
			files = (
			);
			runOnlyForDeploymentPostprocessing = 0;
		};
/* End PBXFrameworksBuildPhase section */

/* Begin PBXGroup section */
		F9F740751B3929320025CB0A = {
			isa = PBXGroup;
			children = (
				F9F740801B3929320025CB0A /* TaskIt */,
				F9F740961B3929330025CB0A /* TaskItTests */,
				F9F7407F1B3929320025CB0A /* Products */,
			);
			sourceTree = "<group>";
		};
		F9F7407F1B3929320025CB0A /* Products */ = {
			isa = PBXGroup;
			children = (
				F9F7407E1B3929320025CB0A /* TaskIt.app */,
				F9F740931B3929330025CB0A /* TaskItTests.xctest */,
			);
			name = Products;
			sourceTree = "<group>";
		};
		F9F740801B3929320025CB0A /* TaskIt */ = {
			isa = PBXGroup;
			children = (
				F9F740831B3929330025CB0A /* AppDelegate.swift */,
				F9F740851B3929330025CB0A /* ViewController.swift */,
				F9F740871B3929330025CB0A /* Main.storyboard */,
				F9F7408A1B3929330025CB0A /* Images.xcassets */,
				F9F7408C1B3929330025CB0A /* LaunchScreen.xib */,
				F9F740811B3929320025CB0A /* Supporting Files */,
			);
			path = TaskIt;
			sourceTree = "<group>";
		};
		F9F740811B3929320025CB0A /* Supporting Files */ = {
			isa = PBXGroup;
			children = (
				F9F740821B3929320025CB0A /* Info.plist */,
			);
			name = "Supporting Files";
			sourceTree = "<group>";
		};
		F9F740961B3929330025CB0A /* TaskItTests */ = {
			isa = PBXGroup;
			children = (
				F9F740991B3929330025CB0A /* TaskItTests.swift */,
				F9F740971B3929330025CB0A /* Supporting Files */,
			);
			path = TaskItTests;
			sourceTree = "<group>";
		};
		F9F740971B3929330025CB0A /* Supporting Files */ = {
			isa = PBXGroup;
			children = (
				F9F740981B3929330025CB0A /* Info.plist */,
			);
			name = "Supporting Files";
			sourceTree = "<group>";
		};
/* End PBXGroup section */

/* Begin PBXNativeTarget section */
		F9F7407D1B3929320025CB0A /* TaskIt */ = {
			isa = PBXNativeTarget;
			buildConfigurationList = F9F7409D1B3929330025CB0A /* Build configuration list for PBXNativeTarget "TaskIt" */;
			buildPhases = (
				F9F7407A1B3929320025CB0A /* Sources */,
				F9F7407B1B3929320025CB0A /* Frameworks */,
				F9F7407C1B3929320025CB0A /* Resources */,
			);
			buildRules = (
			);
			dependencies = (
			);
			name = TaskIt;
			productName = TaskIt;
			productReference = F9F7407E1B3929320025CB0A /* TaskIt.app */;
			productType = "com.apple.product-type.application";
		};
		F9F740921B3929330025CB0A /* TaskItTests */ = {
			isa = PBXNativeTarget;
			buildConfigurationList = F9F740A01B3929330025CB0A /* Build configuration list for PBXNativeTarget "TaskItTests" */;
			buildPhases = (
				F9F7408F1B3929330025CB0A /* Sources */,
				F9F740901B3929330025CB0A /* Frameworks */,
				F9F740911B3929330025CB0A /* Resources */,
			);
			buildRules = (
			);
			dependencies = (
				F9F740951B3929330025CB0A /* PBXTargetDependency */,
			);
			name = TaskItTests;
			productName = TaskItTests;
			productReference = F9F740931B3929330025CB0A /* TaskItTests.xctest */;
			productType = "com.apple.product-type.bundle.unit-test";
		};
/* End PBXNativeTarget section */

/* Begin PBXProject section */
		F9F740761B3929320025CB0A /* Project object */ = {
			isa = PBXProject;
			attributes = {
				LastUpgradeCheck = 0630;
				ORGANIZATIONNAME = "SANTIPONG TANCHATCHAWAL";
				TargetAttributes = {
					F9F7407D1B3929320025CB0A = {
						CreatedOnToolsVersion = 6.3.2;
					};
					F9F740921B3929330025CB0A = {
						CreatedOnToolsVersion = 6.3.2;
						TestTargetID = F9F7407D1B3929320025CB0A;
					};
				};
			};
			buildConfigurationList = F9F740791B3929320025CB0A /* Build configuration list for PBXProject "TaskIt" */;
			compatibilityVersion = "Xcode 3.2";
			developmentRegion = English;
			hasScannedForEncodings = 0;
			knownRegions = (
				en,
				Base,
			);
			mainGroup = F9F740751B3929320025CB0A;
			productRefGroup = F9F7407F1B3929320025CB0A /* Products */;
			projectDirPath = "";
			projectRoot = "";
			targets = (
				F9F7407D1B3929320025CB0A /* TaskIt */,
				F9F740921B3929330025CB0A /* TaskItTests */,
			);
		};
/* End PBXProject section */

/* Begin PBXResourcesBuildPhase section */
		F9F7407C1B3929320025CB0A /* Resources */ = {
			isa = PBXResourcesBuildPhase;
			buildActionMask = 2147483647;
			files = (
				F9F740891B3929330025CB0A /* Main.storyboard in Resources */,
				F9F7408E1B3929330025CB0A /* LaunchScreen.xib in Resources */,
				F9F7408B1B3929330025CB0A /* Images.xcassets in Resources */,
			);
			runOnlyForDeploymentPostprocessing = 0;
		};
		F9F740911B3929330025CB0A /* Resources */ = {
			isa = PBXResourcesBuildPhase;
			buildActionMask = 2147483647;
			files = (
			);
			runOnlyForDeploymentPostprocessing = 0;
		};
/* End PBXResourcesBuildPhase section */

/* Begin PBXSourcesBuildPhase section */
		F9F7407A1B3929320025CB0A /* Sources */ = {
			isa = PBXSourcesBuildPhase;
			buildActionMask = 2147483647;
			files = (
				F9F740861B3929330025CB0A /* ViewController.swift in Sources */,
				F9F740841B3929330025CB0A /* AppDelegate.swift in Sources */,
			);
			runOnlyForDeploymentPostprocessing = 0;
		};
		F9F7408F1B3929330025CB0A /* Sources */ = {
			isa = PBXSourcesBuildPhase;
			buildActionMask = 2147483647;
			files = (
				F9F7409A1B3929330025CB0A /* TaskItTests.swift in Sources */,
			);
			runOnlyForDeploymentPostprocessing = 0;
		};
/* End PBXSourcesBuildPhase section */

/* Begin PBXTargetDependency section */
		F9F740951B3929330025CB0A /* PBXTargetDependency */ = {
			isa = PBXTargetDependency;
			target = F9F7407D1B3929320025CB0A /* TaskIt */;
			targetProxy = F9F740941B3929330025CB0A /* PBXContainerItemProxy */;
		};
/* End PBXTargetDependency section */

/* Begin PBXVariantGroup section */
		F9F740871B3929330025CB0A /* Main.storyboard */ = {
			isa = PBXVariantGroup;
			children = (
				F9F740881B3929330025CB0A /* Base */,
			);
			name = Main.storyboard;
			sourceTree = "<group>";
		};
		F9F7408C1B3929330025CB0A /* LaunchScreen.xib */ = {
			isa = PBXVariantGroup;
			children = (
				F9F7408D1B3929330025CB0A /* Base */,
			);
			name = LaunchScreen.xib;
			sourceTree = "<group>";
		};
/* End PBXVariantGroup section */

/* Begin XCBuildConfiguration section */
		F9F7409B1B3929330025CB0A /* Debug */ = {
			isa = XCBuildConfiguration;
			buildSettings = {
				ALWAYS_SEARCH_USER_PATHS = NO;
				CLANG_CXX_LANGUAGE_STANDARD = "gnu++0x";
				CLANG_CXX_LIBRARY = "libc++";
				CLANG_ENABLE_MODULES = YES;
				CLANG_ENABLE_OBJC_ARC = YES;
				CLANG_WARN_BOOL_CONVERSION = YES;
				CLANG_WARN_CONSTANT_CONVERSION = YES;
				CLANG_WARN_DIRECT_OBJC_ISA_USAGE = YES_ERROR;
				CLANG_WARN_EMPTY_BODY = YES;
				CLANG_WARN_ENUM_CONVERSION = YES;
				CLANG_WARN_INT_CONVERSION = YES;
				CLANG_WARN_OBJC_ROOT_CLASS = YES_ERROR;
				CLANG_WARN_UNREACHABLE_CODE = YES;
				CLANG_WARN__DUPLICATE_METHOD_MATCH = YES;
				"CODE_SIGN_IDENTITY[sdk=iphoneos*]" = "iPhone Developer";
				COPY_PHASE_STRIP = NO;
				DEBUG_INFORMATION_FORMAT = "dwarf-with-dsym";
				ENABLE_STRICT_OBJC_MSGSEND = YES;
				GCC_C_LANGUAGE_STANDARD = gnu99;
				GCC_DYNAMIC_NO_PIC = NO;
				GCC_NO_COMMON_BLOCKS = YES;
				GCC_OPTIMIZATION_LEVEL = 0;
				GCC_PREPROCESSOR_DEFINITIONS = (
					"DEBUG=1",
					"$(inherited)",
				);
				GCC_SYMBOLS_PRIVATE_EXTERN = NO;
				GCC_WARN_64_TO_32_BIT_CONVERSION = YES;
				GCC_WARN_ABOUT_RETURN_TYPE = YES_ERROR;
				GCC_WARN_UNDECLARED_SELECTOR = YES;
				GCC_WARN_UNINITIALIZED_AUTOS = YES_AGGRESSIVE;
				GCC_WARN_UNUSED_FUNCTION = YES;
				GCC_WARN_UNUSED_VARIABLE = YES;
				IPHONEOS_DEPLOYMENT_TARGET = 8.3;
				MTL_ENABLE_DEBUG_INFO = YES;
				ONLY_ACTIVE_ARCH = YES;
				SDKROOT = iphoneos;
				SWIFT_OPTIMIZATION_LEVEL = "-Onone";
				TARGETED_DEVICE_FAMILY = "1,2";
			};
			name = Debug;
		};
		F9F7409C1B3929330025CB0A /* Release */ = {
			isa = XCBuildConfiguration;
			buildSettings = {
				ALWAYS_SEARCH_USER_PATHS = NO;
				CLANG_CXX_LANGUAGE_STANDARD = "gnu++0x";
				CLANG_CXX_LIBRARY = "libc++";
				CLANG_ENABLE_MODULES = YES;
				CLANG_ENABLE_OBJC_ARC = YES;
				CLANG_WARN_BOOL_CONVERSION = YES;
				CLANG_WARN_CONSTANT_CONVERSION = YES;
				CLANG_WARN_DIRECT_OBJC_ISA_USAGE = YES_ERROR;
				CLANG_WARN_EMPTY_BODY = YES;
				CLANG_WARN_ENUM_CONVERSION = YES;
				CLANG_WARN_INT_CONVERSION = YES;
				CLANG_WARN_OBJC_ROOT_CLASS = YES_ERROR;
				CLANG_WARN_UNREACHABLE_CODE = YES;
				CLANG_WARN__DUPLICATE_METHOD_MATCH = YES;
				"CODE_SIGN_IDENTITY[sdk=iphoneos*]" = "iPhone Developer";
				COPY_PHASE_STRIP = NO;
				DEBUG_INFORMATION_FORMAT = "dwarf-with-dsym";
				ENABLE_NS_ASSERTIONS = NO;
				ENABLE_STRICT_OBJC_MSGSEND = YES;
				GCC_C_LANGUAGE_STANDARD = gnu99;
				GCC_NO_COMMON_BLOCKS = YES;
				GCC_WARN_64_TO_32_BIT_CONVERSION = YES;
				GCC_WARN_ABOUT_RETURN_TYPE = YES_ERROR;
				GCC_WARN_UNDECLARED_SELECTOR = YES;
				GCC_WARN_UNINITIALIZED_AUTOS = YES_AGGRESSIVE;
				GCC_WARN_UNUSED_FUNCTION = YES;
				GCC_WARN_UNUSED_VARIABLE = YES;
				IPHONEOS_DEPLOYMENT_TARGET = 8.3;
				MTL_ENABLE_DEBUG_INFO = NO;
				SDKROOT = iphoneos;
				TARGETED_DEVICE_FAMILY = "1,2";
				VALIDATE_PRODUCT = YES;
			};
			name = Release;
		};
		F9F7409E1B3929330025CB0A /* Debug */ = {
			isa = XCBuildConfiguration;
			buildSettings = {
				ASSETCATALOG_COMPILER_APPICON_NAME = AppIcon;
				INFOPLIST_FILE = TaskIt/Info.plist;
				LD_RUNPATH_SEARCH_PATHS = "$(inherited) @executable_path/Frameworks";
				PRODUCT_NAME = "$(TARGET_NAME)";
			};
			name = Debug;
		};
		F9F7409F1B3929330025CB0A /* Release */ = {
			isa = XCBuildConfiguration;
			buildSettings = {
				ASSETCATALOG_COMPILER_APPICON_NAME = AppIcon;
				INFOPLIST_FILE = TaskIt/Info.plist;
				LD_RUNPATH_SEARCH_PATHS = "$(inherited) @executable_path/Frameworks";
				PRODUCT_NAME = "$(TARGET_NAME)";
			};
			name = Release;
		};
		F9F740A11B3929330025CB0A /* Debug */ = {
			isa = XCBuildConfiguration;
			buildSettings = {
				BUNDLE_LOADER = "$(TEST_HOST)";
				FRAMEWORK_SEARCH_PATHS = (
					"$(SDKROOT)/Developer/Library/Frameworks",
					"$(inherited)",
				);
				GCC_PREPROCESSOR_DEFINITIONS = (
					"DEBUG=1",
					"$(inherited)",
				);
				INFOPLIST_FILE = TaskItTests/Info.plist;
				LD_RUNPATH_SEARCH_PATHS = "$(inherited) @executable_path/Frameworks @loader_path/Frameworks";
				PRODUCT_NAME = "$(TARGET_NAME)";
				TEST_HOST = "$(BUILT_PRODUCTS_DIR)/TaskIt.app/TaskIt";
			};
			name = Debug;
		};
		F9F740A21B3929330025CB0A /* Release */ = {
			isa = XCBuildConfiguration;
			buildSettings = {
				BUNDLE_LOADER = "$(TEST_HOST)";
				FRAMEWORK_SEARCH_PATHS = (
					"$(SDKROOT)/Developer/Library/Frameworks",
					"$(inherited)",
				);
				INFOPLIST_FILE = TaskItTests/Info.plist;
				LD_RUNPATH_SEARCH_PATHS = "$(inherited) @executable_path/Frameworks @loader_path/Frameworks";
				PRODUCT_NAME = "$(TARGET_NAME)";
				TEST_HOST = "$(BUILT_PRODUCTS_DIR)/TaskIt.app/TaskIt";
			};
			name = Release;
		};
/* End XCBuildConfiguration section */

/* Begin XCConfigurationList section */
		F9F740791B3929320025CB0A /* Build configuration list for PBXProject "TaskIt" */ = {
			isa = XCConfigurationList;
			buildConfigurations = (
				F9F7409B1B3929330025CB0A /* Debug */,
				F9F7409C1B3929330025CB0A /* Release */,
			);
			defaultConfigurationIsVisible = 0;
			defaultConfigurationName = Release;
		};
		F9F7409D1B3929330025CB0A /* Build configuration list for PBXNativeTarget "TaskIt" */ = {
			isa = XCConfigurationList;
			buildConfigurations = (
				F9F7409E1B3929330025CB0A /* Debug */,
				F9F7409F1B3929330025CB0A /* Release */,
			);
			defaultConfigurationIsVisible = 0;
		};
		F9F740A01B3929330025CB0A /* Build configuration list for PBXNativeTarget "TaskItTests" */ = {
			isa = XCConfigurationList;
			buildConfigurations = (
				F9F740A11B3929330025CB0A /* Debug */,
				F9F740A21B3929330025CB0A /* Release */,
			);
			defaultConfigurationIsVisible = 0;
		};
/* End XCConfigurationList section */
	};
	rootObject = F9F740761B3929320025CB0A /* Project object */;
}
